
Microsoft Visual Studio Solution File, Format Version 12.00
# Visual Studio Version 17
VisualStudioVersion = 17.0.31903.59
MinimumVisualStudioVersion = 10.0.40219.1
Project("{2150E333-8FDC-42A3-9474-1A3956D46DE8}") = "services", "services", "{5854FF58-B8C5-05C6-5BF2-ACE42193F22B}"
EndProject
Project("{2150E333-8FDC-42A3-9474-1A3956D46DE8}") = "BillingService", "BillingService", "{F00EBCF0-1F6E-D7C8-7672-B65D6C081798}"
EndProject
Project("{FAE04EC0-301F-11D3-BF4B-00C04F79EFBC}") = "BillingService.Api", "services\BillingService\BillingService.Api\BillingService.Api.csproj", "{760FFD54-4181-43BF-BA49-619A77FB3311}"
EndProject
Project("{FAE04EC0-301F-11D3-BF4B-00C04F79EFBC}") = "BillingService.Application", "services\BillingService\BillingService.Application\BillingService.Application.csproj", "{BD648B24-C892-4B1D-9978-DC04107D8318}"
EndProject
Project("{FAE04EC0-301F-11D3-BF4B-00C04F79EFBC}") = "BillingService.Domain", "services\BillingService\BillingService.Domain\BillingService.Domain.csproj", "{56B8263D-5B14-4721-BF05-89077334231C}"
EndProject
Project("{FAE04EC0-301F-11D3-BF4B-00C04F79EFBC}") = "BillingService.Infrastructure", "services\BillingService\BillingService.Infrastructure\BillingService.Infrastructure.csproj", "{43880AAC-1B80-4AFE-AB1B-969084BC7727}"
EndProject
Project("{2150E333-8FDC-42A3-9474-1A3956D46DE8}") = "FinanceService", "FinanceService", "{5FEADA96-44E1-91F8-EDA5-DBC2B5BCC685}"
EndProject
Project("{FAE04EC0-301F-11D3-BF4B-00C04F79EFBC}") = "FinanceService.Api", "services\FinanceService\FinanceService.Api\FinanceService.Api.csproj", "{2873A1E4-7A66-4FA4-B7BC-4D9957B078C3}"
EndProject
Project("{FAE04EC0-301F-11D3-BF4B-00C04F79EFBC}") = "FinanceService.Application", "services\FinanceService\FinanceService.Application\FinanceService.Application.csproj", "{D72B97CC-F4C7-493B-9E7C-709B9C2EE591}"
EndProject
Project("{FAE04EC0-301F-11D3-BF4B-00C04F79EFBC}") = "FinanceService.Domain", "services\FinanceService\FinanceService.Domain\FinanceService.Domain.csproj", "{965D1FFD-DF6A-4397-8ED5-880D61954890}"
EndProject
Project("{FAE04EC0-301F-11D3-BF4B-00C04F79EFBC}") = "FinanceService.Infrastructure", "services\FinanceService\FinanceService.Infrastructure\FinanceService.Infrastructure.csproj", "{31E4C46B-4545-4D17-A046-6D1940FC9950}"
EndProject
Project("{2150E333-8FDC-42A3-9474-1A3956D46DE8}") = "shared", "shared", "{4F52FD11-658E-A102-6CD3-7D7C16FFA15B}"
EndProject
Project("{FAE04EC0-301F-11D3-BF4B-00C04F79EFBC}") = "SGen.Shared", "shared\SGen.Shared\SGen.Shared.csproj", "{B953FDC0-82D1-4F88-846E-C3831C7B5456}"
EndProject
Project("{2150E333-8FDC-42A3-9474-1A3956D46DE8}") = "framework", "framework", "{9A0CCAB9-4303-13B4-2371-F1B97FF5B728}"
EndProject
Project("{FAE04EC0-301F-11D3-BF4B-00C04F79EFBC}") = "SGen.Framework", "framework\SGen.Framework\SGen.Framework.csproj", "{C3DD67BC-E31F-4F24-869A-ECE243EECE51}"
EndProject
Project("{FAE04EC0-301F-11D3-BF4B-00C04F79EFBC}") = "SGen.Framework.Web", "framework\SGen.Framework.Web\SGen.Framework.Web.csproj", "{87CD6226-E012-40D6-A875-AE66B8307629}"
EndProject
Project("{FAE04EC0-301F-11D3-BF4B-00C04F79EFBC}") = "SGen.Scaffolding", "SGen.Scaffolding\SGen.Scaffolding.csproj", "{86F1D887-7208-45CB-8E9D-45AAA22006E8}"
EndProject
Project("{2150E333-8FDC-42A3-9474-1A3956D46DE8}") = "data-access", "data-access", "{02EA681E-C7D8-13C7-8484-4AC65E1B71E8}"
EndProject
Global
	GlobalSection(SolutionConfigurationPlatforms) = preSolution
		Debug|Any CPU = Debug|Any CPU
		Debug|x64 = Debug|x64
		Debug|x86 = Debug|x86
		Release|Any CPU = Release|Any CPU
		Release|x64 = Release|x64
		Release|x86 = Release|x86
	EndGlobalSection
	GlobalSection(ProjectConfigurationPlatforms) = postSolution
		{760FFD54-4181-43BF-BA49-619A77FB3311}.Debug|Any CPU.ActiveCfg = Debug|Any CPU
		{760FFD54-4181-43BF-BA49-619A77FB3311}.Debug|Any CPU.Build.0 = Debug|Any CPU
		{760FFD54-4181-43BF-BA49-619A77FB3311}.Debug|x64.ActiveCfg = Debug|Any CPU
		{760FFD54-4181-43BF-BA49-619A77FB3311}.Debug|x64.Build.0 = Debug|Any CPU
		{760FFD54-4181-43BF-BA49-619A77FB3311}.Debug|x86.ActiveCfg = Debug|Any CPU
		{760FFD54-4181-43BF-BA49-619A77FB3311}.Debug|x86.Build.0 = Debug|Any CPU
		{760FFD54-4181-43BF-BA49-619A77FB3311}.Release|Any CPU.ActiveCfg = Release|Any CPU
		{760FFD54-4181-43BF-BA49-619A77FB3311}.Release|Any CPU.Build.0 = Release|Any CPU
		{760FFD54-4181-43BF-BA49-619A77FB3311}.Release|x64.ActiveCfg = Release|Any CPU
		{760FFD54-4181-43BF-BA49-619A77FB3311}.Release|x64.Build.0 = Release|Any CPU
		{760FFD54-4181-43BF-BA49-619A77FB3311}.Release|x86.ActiveCfg = Release|Any CPU
		{760FFD54-4181-43BF-BA49-619A77FB3311}.Release|x86.Build.0 = Release|Any CPU
		{BD648B24-C892-4B1D-9978-DC04107D8318}.Debug|Any CPU.ActiveCfg = Debug|Any CPU
		{BD648B24-C892-4B1D-9978-DC04107D8318}.Debug|Any CPU.Build.0 = Debug|Any CPU
		{BD648B24-C892-4B1D-9978-DC04107D8318}.Debug|x64.ActiveCfg = Debug|Any CPU
		{BD648B24-C892-4B1D-9978-DC04107D8318}.Debug|x64.Build.0 = Debug|Any CPU
		{BD648B24-C892-4B1D-9978-DC04107D8318}.Debug|x86.ActiveCfg = Debug|Any CPU
		{BD648B24-C892-4B1D-9978-DC04107D8318}.Debug|x86.Build.0 = Debug|Any CPU
		{BD648B24-C892-4B1D-9978-DC04107D8318}.Release|Any CPU.ActiveCfg = Release|Any CPU
		{BD648B24-C892-4B1D-9978-DC04107D8318}.Release|Any CPU.Build.0 = Release|Any CPU
		{BD648B24-C892-4B1D-9978-DC04107D8318}.Release|x64.ActiveCfg = Release|Any CPU
		{BD648B24-C892-4B1D-9978-DC04107D8318}.Release|x64.Build.0 = Release|Any CPU
		{BD648B24-C892-4B1D-9978-DC04107D8318}.Release|x86.ActiveCfg = Release|Any CPU
		{BD648B24-C892-4B1D-9978-DC04107D8318}.Release|x86.Build.0 = Release|Any CPU
		{56B8263D-5B14-4721-BF05-89077334231C}.Debug|Any CPU.ActiveCfg = Debug|Any CPU
		{56B8263D-5B14-4721-BF05-89077334231C}.Debug|Any CPU.Build.0 = Debug|Any CPU
		{56B8263D-5B14-4721-BF05-89077334231C}.Debug|x64.ActiveCfg = Debug|Any CPU
		{56B8263D-5B14-4721-BF05-89077334231C}.Debug|x64.Build.0 = Debug|Any CPU
		{56B8263D-5B14-4721-BF05-89077334231C}.Debug|x86.ActiveCfg = Debug|Any CPU
		{56B8263D-5B14-4721-BF05-89077334231C}.Debug|x86.Build.0 = Debug|Any CPU
		{56B8263D-5B14-4721-BF05-89077334231C}.Release|Any CPU.ActiveCfg = Release|Any CPU
		{56B8263D-5B14-4721-BF05-89077334231C}.Release|Any CPU.Build.0 = Release|Any CPU
		{56B8263D-5B14-4721-BF05-89077334231C}.Release|x64.ActiveCfg = Release|Any CPU
		{56B8263D-5B14-4721-BF05-89077334231C}.Release|x64.Build.0 = Release|Any CPU
		{56B8263D-5B14-4721-BF05-89077334231C}.Release|x86.ActiveCfg = Release|Any CPU
		{56B8263D-5B14-4721-BF05-89077334231C}.Release|x86.Build.0 = Release|Any CPU
		{43880AAC-1B80-4AFE-AB1B-969084BC7727}.Debug|Any CPU.ActiveCfg = Debug|Any CPU
		{43880AAC-1B80-4AFE-AB1B-969084BC7727}.Debug|Any CPU.Build.0 = Debug|Any CPU
		{43880AAC-1B80-4AFE-AB1B-969084BC7727}.Debug|x64.ActiveCfg = Debug|Any CPU
		{43880AAC-1B80-4AFE-AB1B-969084BC7727}.Debug|x64.Build.0 = Debug|Any CPU
		{43880AAC-1B80-4AFE-AB1B-969084BC7727}.Debug|x86.ActiveCfg = Debug|Any CPU
		{43880AAC-1B80-4AFE-AB1B-969084BC7727}.Debug|x86.Build.0 = Debug|Any CPU
		{43880AAC-1B80-4AFE-AB1B-969084BC7727}.Release|Any CPU.ActiveCfg = Release|Any CPU
		{43880AAC-1B80-4AFE-AB1B-969084BC7727}.Release|Any CPU.Build.0 = Release|Any CPU
		{43880AAC-1B80-4AFE-AB1B-969084BC7727}.Release|x64.ActiveCfg = Release|Any CPU
		{43880AAC-1B80-4AFE-AB1B-969084BC7727}.Release|x64.Build.0 = Release|Any CPU
		{43880AAC-1B80-4AFE-AB1B-969084BC7727}.Release|x86.ActiveCfg = Release|Any CPU
		{43880AAC-1B80-4AFE-AB1B-969084BC7727}.Release|x86.Build.0 = Release|Any CPU
		{2873A1E4-7A66-4FA4-B7BC-4D9957B078C3}.Debug|Any CPU.ActiveCfg = Debug|Any CPU
		{2873A1E4-7A66-4FA4-B7BC-4D9957B078C3}.Debug|Any CPU.Build.0 = Debug|Any CPU
		{2873A1E4-7A66-4FA4-B7BC-4D9957B078C3}.Debug|x64.ActiveCfg = Debug|Any CPU
		{2873A1E4-7A66-4FA4-B7BC-4D9957B078C3}.Debug|x64.Build.0 = Debug|Any CPU
		{2873A1E4-7A66-4FA4-B7BC-4D9957B078C3}.Debug|x86.ActiveCfg = Debug|Any CPU
		{2873A1E4-7A66-4FA4-B7BC-4D9957B078C3}.Debug|x86.Build.0 = Debug|Any CPU
		{2873A1E4-7A66-4FA4-B7BC-4D9957B078C3}.Release|Any CPU.ActiveCfg = Release|Any CPU
		{2873A1E4-7A66-4FA4-B7BC-4D9957B078C3}.Release|Any CPU.Build.0 = Release|Any CPU
		{2873A1E4-7A66-4FA4-B7BC-4D9957B078C3}.Release|x64.ActiveCfg = Release|Any CPU
		{2873A1E4-7A66-4FA4-B7BC-4D9957B078C3}.Release|x64.Build.0 = Release|Any CPU
		{2873A1E4-7A66-4FA4-B7BC-4D9957B078C3}.Release|x86.ActiveCfg = Release|Any CPU
		{2873A1E4-7A66-4FA4-B7BC-4D9957B078C3}.Release|x86.Build.0 = Release|Any CPU
		{D72B97CC-F4C7-493B-9E7C-709B9C2EE591}.Debug|Any CPU.ActiveCfg = Debug|Any CPU
		{D72B97CC-F4C7-493B-9E7C-709B9C2EE591}.Debug|Any CPU.Build.0 = Debug|Any CPU
		{D72B97CC-F4C7-493B-9E7C-709B9C2EE591}.Debug|x64.ActiveCfg = Debug|Any CPU
		{D72B97CC-F4C7-493B-9E7C-709B9C2EE591}.Debug|x64.Build.0 = Debug|Any CPU
		{D72B97CC-F4C7-493B-9E7C-709B9C2EE591}.Debug|x86.ActiveCfg = Debug|Any CPU
		{D72B97CC-F4C7-493B-9E7C-709B9C2EE591}.Debug|x86.Build.0 = Debug|Any CPU
		{D72B97CC-F4C7-493B-9E7C-709B9C2EE591}.Release|Any CPU.ActiveCfg = Release|Any CPU
		{D72B97CC-F4C7-493B-9E7C-709B9C2EE591}.Release|Any CPU.Build.0 = Release|Any CPU
		{D72B97CC-F4C7-493B-9E7C-709B9C2EE591}.Release|x64.ActiveCfg = Release|Any CPU
		{D72B97CC-F4C7-493B-9E7C-709B9C2EE591}.Release|x64.Build.0 = Release|Any CPU
		{D72B97CC-F4C7-493B-9E7C-709B9C2EE591}.Release|x86.ActiveCfg = Release|Any CPU
		{D72B97CC-F4C7-493B-9E7C-709B9C2EE591}.Release|x86.Build.0 = Release|Any CPU
		{965D1FFD-DF6A-4397-8ED5-880D61954890}.Debug|Any CPU.ActiveCfg = Debug|Any CPU
		{965D1FFD-DF6A-4397-8ED5-880D61954890}.Debug|Any CPU.Build.0 = Debug|Any CPU
		{965D1FFD-DF6A-4397-8ED5-880D61954890}.Debug|x64.ActiveCfg = Debug|Any CPU
		{965D1FFD-DF6A-4397-8ED5-880D61954890}.Debug|x64.Build.0 = Debug|Any CPU
		{965D1FFD-DF6A-4397-8ED5-880D61954890}.Debug|x86.ActiveCfg = Debug|Any CPU
		{965D1FFD-DF6A-4397-8ED5-880D61954890}.Debug|x86.Build.0 = Debug|Any CPU
		{965D1FFD-DF6A-4397-8ED5-880D61954890}.Release|Any CPU.ActiveCfg = Release|Any CPU
		{965D1FFD-DF6A-4397-8ED5-880D61954890}.Release|Any CPU.Build.0 = Release|Any CPU
		{965D1FFD-DF6A-4397-8ED5-880D61954890}.Release|x64.ActiveCfg = Release|Any CPU
		{965D1FFD-DF6A-4397-8ED5-880D61954890}.Release|x64.Build.0 = Release|Any CPU
		{965D1FFD-DF6A-4397-8ED5-880D61954890}.Release|x86.ActiveCfg = Release|Any CPU
		{965D1FFD-DF6A-4397-8ED5-880D61954890}.Release|x86.Build.0 = Release|Any CPU
		{31E4C46B-4545-4D17-A046-6D1940FC9950}.Debug|Any CPU.ActiveCfg = Debug|Any CPU
		{31E4C46B-4545-4D17-A046-6D1940FC9950}.Debug|Any CPU.Build.0 = Debug|Any CPU
		{31E4C46B-4545-4D17-A046-6D1940FC9950}.Debug|x64.ActiveCfg = Debug|Any CPU
		{31E4C46B-4545-4D17-A046-6D1940FC9950}.Debug|x64.Build.0 = Debug|Any CPU
		{31E4C46B-4545-4D17-A046-6D1940FC9950}.Debug|x86.ActiveCfg = Debug|Any CPU
		{31E4C46B-4545-4D17-A046-6D1940FC9950}.Debug|x86.Build.0 = Debug|Any CPU
		{31E4C46B-4545-4D17-A046-6D1940FC9950}.Release|Any CPU.ActiveCfg = Release|Any CPU
		{31E4C46B-4545-4D17-A046-6D1940FC9950}.Release|Any CPU.Build.0 = Release|Any CPU
		{31E4C46B-4545-4D17-A046-6D1940FC9950}.Release|x64.ActiveCfg = Release|Any CPU
		{31E4C46B-4545-4D17-A046-6D1940FC9950}.Release|x64.Build.0 = Release|Any CPU
		{31E4C46B-4545-4D17-A046-6D1940FC9950}.Release|x86.ActiveCfg = Release|Any CPU
		{31E4C46B-4545-4D17-A046-6D1940FC9950}.Release|x86.Build.0 = Release|Any CPU
		{B953FDC0-82D1-4F88-846E-C3831C7B5456}.Debug|Any CPU.ActiveCfg = Debug|Any CPU
		{B953FDC0-82D1-4F88-846E-C3831C7B5456}.Debug|Any CPU.Build.0 = Debug|Any CPU
		{B953FDC0-82D1-4F88-846E-C3831C7B5456}.Debug|x64.ActiveCfg = Debug|Any CPU
		{B953FDC0-82D1-4F88-846E-C3831C7B5456}.Debug|x64.Build.0 = Debug|Any CPU
		{B953FDC0-82D1-4F88-846E-C3831C7B5456}.Debug|x86.ActiveCfg = Debug|Any CPU
		{B953FDC0-82D1-4F88-846E-C3831C7B5456}.Debug|x86.Build.0 = Debug|Any CPU
		{B953FDC0-82D1-4F88-846E-C3831C7B5456}.Release|Any CPU.ActiveCfg = Release|Any CPU
		{B953FDC0-82D1-4F88-846E-C3831C7B5456}.Release|Any CPU.Build.0 = Release|Any CPU
		{B953FDC0-82D1-4F88-846E-C3831C7B5456}.Release|x64.ActiveCfg = Release|Any CPU
		{B953FDC0-82D1-4F88-846E-C3831C7B5456}.Release|x64.Build.0 = Release|Any CPU
		{B953FDC0-82D1-4F88-846E-C3831C7B5456}.Release|x86.ActiveCfg = Release|Any CPU
		{B953FDC0-82D1-4F88-846E-C3831C7B5456}.Release|x86.Build.0 = Release|Any CPU
		{C3DD67BC-E31F-4F24-869A-ECE243EECE51}.Debug|Any CPU.ActiveCfg = Debug|Any CPU
		{C3DD67BC-E31F-4F24-869A-ECE243EECE51}.Debug|Any CPU.Build.0 = Debug|Any CPU
		{C3DD67BC-E31F-4F24-869A-ECE243EECE51}.Debug|x64.ActiveCfg = Debug|Any CPU
		{C3DD67BC-E31F-4F24-869A-ECE243EECE51}.Debug|x64.Build.0 = Debug|Any CPU
		{C3DD67BC-E31F-4F24-869A-ECE243EECE51}.Debug|x86.ActiveCfg = Debug|Any CPU
		{C3DD67BC-E31F-4F24-869A-ECE243EECE51}.Debug|x86.Build.0 = Debug|Any CPU
		{C3DD67BC-E31F-4F24-869A-ECE243EECE51}.Release|Any CPU.ActiveCfg = Release|Any CPU
		{C3DD67BC-E31F-4F24-869A-ECE243EECE51}.Release|Any CPU.Build.0 = Release|Any CPU
		{C3DD67BC-E31F-4F24-869A-ECE243EECE51}.Release|x64.ActiveCfg = Release|Any CPU
		{C3DD67BC-E31F-4F24-869A-ECE243EECE51}.Release|x64.Build.0 = Release|Any CPU
		{C3DD67BC-E31F-4F24-869A-ECE243EECE51}.Release|x86.ActiveCfg = Release|Any CPU
		{C3DD67BC-E31F-4F24-869A-ECE243EECE51}.Release|x86.Build.0 = Release|Any CPU
		{87CD6226-E012-40D6-A875-AE66B8307629}.Debug|Any CPU.ActiveCfg = Debug|Any CPU
		{87CD6226-E012-40D6-A875-AE66B8307629}.Debug|Any CPU.Build.0 = Debug|Any CPU
		{87CD6226-E012-40D6-A875-AE66B8307629}.Debug|x64.ActiveCfg = Debug|Any CPU
		{87CD6226-E012-40D6-A875-AE66B8307629}.Debug|x64.Build.0 = Debug|Any CPU
		{87CD6226-E012-40D6-A875-AE66B8307629}.Debug|x86.ActiveCfg = Debug|Any CPU
		{87CD6226-E012-40D6-A875-AE66B8307629}.Debug|x86.Build.0 = Debug|Any CPU
		{87CD6226-E012-40D6-A875-AE66B8307629}.Release|Any CPU.ActiveCfg = Release|Any CPU
		{87CD6226-E012-40D6-A875-AE66B8307629}.Release|Any CPU.Build.0 = Release|Any CPU
		{87CD6226-E012-40D6-A875-AE66B8307629}.Release|x64.ActiveCfg = Release|Any CPU
		{87CD6226-E012-40D6-A875-AE66B8307629}.Release|x64.Build.0 = Release|Any CPU
		{87CD6226-E012-40D6-A875-AE66B8307629}.Release|x86.ActiveCfg = Release|Any CPU
		{87CD6226-E012-40D6-A875-AE66B8307629}.Release|x86.Build.0 = Release|Any CPU
		{86F1D887-7208-45CB-8E9D-45AAA22006E8}.Debug|Any CPU.ActiveCfg = Debug|Any CPU
		{86F1D887-7208-45CB-8E9D-45AAA22006E8}.Debug|Any CPU.Build.0 = Debug|Any CPU
		{86F1D887-7208-45CB-8E9D-45AAA22006E8}.Debug|x64.ActiveCfg = Debug|Any CPU
		{86F1D887-7208-45CB-8E9D-45AAA22006E8}.Debug|x64.Build.0 = Debug|Any CPU
		{86F1D887-7208-45CB-8E9D-45AAA22006E8}.Debug|x86.ActiveCfg = Debug|Any CPU
		{86F1D887-7208-45CB-8E9D-45AAA22006E8}.Debug|x86.Build.0 = Debug|Any CPU
		{86F1D887-7208-45CB-8E9D-45AAA22006E8}.Release|Any CPU.ActiveCfg = Release|Any CPU
		{86F1D887-7208-45CB-8E9D-45AAA22006E8}.Release|Any CPU.Build.0 = Release|Any CPU
		{86F1D887-7208-45CB-8E9D-45AAA22006E8}.Release|x64.ActiveCfg = Release|Any CPU
		{86F1D887-7208-45CB-8E9D-45AAA22006E8}.Release|x64.Build.0 = Release|Any CPU
		{86F1D887-7208-45CB-8E9D-45AAA22006E8}.Release|x86.ActiveCfg = Release|Any CPU
		{86F1D887-7208-45CB-8E9D-45AAA22006E8}.Release|x86.Build.0 = Release|Any CPU
	EndGlobalSection
	GlobalSection(SolutionProperties) = preSolution
		HideSolutionNode = FALSE
	EndGlobalSection
	GlobalSection(NestedProjects) = preSolution
		{F00EBCF0-1F6E-D7C8-7672-B65D6C081798} = {5854FF58-B8C5-05C6-5BF2-ACE42193F22B}
		{760FFD54-4181-43BF-BA49-619A77FB3311} = {F00EBCF0-1F6E-D7C8-7672-B65D6C081798}
		{BD648B24-C892-4B1D-9978-DC04107D8318} = {F00EBCF0-1F6E-D7C8-7672-B65D6C081798}
		{56B8263D-5B14-4721-BF05-89077334231C} = {F00EBCF0-1F6E-D7C8-7672-B65D6C081798}
		{43880AAC-1B80-4AFE-AB1B-969084BC7727} = {F00EBCF0-1F6E-D7C8-7672-B65D6C081798}
		{5FEADA96-44E1-91F8-EDA5-DBC2B5BCC685} = {5854FF58-B8C5-05C6-5BF2-ACE42193F22B}
		{2873A1E4-7A66-4FA4-B7BC-4D9957B078C3} = {5FEADA96-44E1-91F8-EDA5-DBC2B5BCC685}
		{D72B97CC-F4C7-493B-9E7C-709B9C2EE591} = {5FEADA96-44E1-91F8-EDA5-DBC2B5BCC685}
		{965D1FFD-DF6A-4397-8ED5-880D61954890} = {5FEADA96-44E1-91F8-EDA5-DBC2B5BCC685}
		{31E4C46B-4545-4D17-A046-6D1940FC9950} = {5FEADA96-44E1-91F8-EDA5-DBC2B5BCC685}
		{B953FDC0-82D1-4F88-846E-C3831C7B5456} = {4F52FD11-658E-A102-6CD3-7D7C16FFA15B}
		{C3DD67BC-E31F-4F24-869A-ECE243EECE51} = {9A0CCAB9-4303-13B4-2371-F1B97FF5B728}
		{87CD6226-E012-40D6-A875-AE66B8307629} = {9A0CCAB9-4303-13B4-2371-F1B97FF5B728}
		{86F1D887-7208-45CB-8E9D-45AAA22006E8} = {9A0CCAB9-4303-13B4-2371-F1B97FF5B728}
	EndGlobalSection
	GlobalSection(ExtensibilityGlobals) = postSolution
		SolutionGuid = {ECAF5A3F-CFA5-4584-977A-687B7A48DF2A}
	EndGlobalSection
EndGlobal
